{
  "requires": true,
  "lockfileVersion": 1,
  "dependencies": {
    "alpinejs": {
      "version": "2.8.0",
      "resolved": "https://registry.npmjs.org/alpinejs/-/alpinejs-2.8.0.tgz",
      "integrity": "sha512-UHvE71BBYHJa6+RxjMwM0g4eokq+5yG1QO5C6VieUu0MVPlsUSlwvrh19VVZQApNIlQsgcvQUhIalzAIgoAPoA=="
    }
  }
}
